// !$*UTF8*$!
{
	archiveVersion = 1;
	classes = {
	};
	objectVersion = 56;
	objects = {

/* Begin PBXBuildFile section */
		6056598D2A050C5A005D9FA7 /* AppDelegate.swift in Sources */ = {isa = PBXBuildFile; fileRef = 6056598C2A050C5A005D9FA7 /* AppDelegate.swift */; };
		6056598F2A050C5A005D9FA7 /* SceneDelegate.swift in Sources */ = {isa = PBXBuildFile; fileRef = 6056598E2A050C5A005D9FA7 /* SceneDelegate.swift */; };
		605659912A050C5A005D9FA7 /* TaskViewController.swift in Sources */ = {isa = PBXBuildFile; fileRef = 605659902A050C5A005D9FA7 /* TaskViewController.swift */; };
		605659942A050C5A005D9FA7 /* Main.storyboard in Resources */ = {isa = PBXBuildFile; fileRef = 605659922A050C5A005D9FA7 /* Main.storyboard */; };
		605659962A050C5C005D9FA7 /* Assets.xcassets in Resources */ = {isa = PBXBuildFile; fileRef = 605659952A050C5C005D9FA7 /* Assets.xcassets */; };
		605659992A050C5C005D9FA7 /* LaunchScreen.storyboard in Resources */ = {isa = PBXBuildFile; fileRef = 605659972A050C5C005D9FA7 /* LaunchScreen.storyboard */; };
		605659A52A050F8F005D9FA7 /* AddTaskController.swift in Sources */ = {isa = PBXBuildFile; fileRef = 605659A42A050F8F005D9FA7 /* AddTaskController.swift */; };
		83AED44145B51363C749DC93 /* Pods_RxSwift_GoodList.framework in Frameworks */ = {isa = PBXBuildFile; fileRef = 4EBC8D505B35A9D1BFEBCF4E /* Pods_RxSwift_GoodList.framework */; };
/* End PBXBuildFile section */

/* Begin PBXFileReference section */
		0EB4C75C328234CAB1488286 /* Pods-RxSwift-GoodList.debug.xcconfig */ = {isa = PBXFileReference; includeInIndex = 1; lastKnownFileType = text.xcconfig; name = "Pods-RxSwift-GoodList.debug.xcconfig"; path = "Target Support Files/Pods-RxSwift-GoodList/Pods-RxSwift-GoodList.debug.xcconfig"; sourceTree = "<group>"; };
		39F4B4E50A7D59BAEA345F04 /* Pods-RxSwift-GoodList.release.xcconfig */ = {isa = PBXFileReference; includeInIndex = 1; lastKnownFileType = text.xcconfig; name = "Pods-RxSwift-GoodList.release.xcconfig"; path = "Target Support Files/Pods-RxSwift-GoodList/Pods-RxSwift-GoodList.release.xcconfig"; sourceTree = "<group>"; };
		4EBC8D505B35A9D1BFEBCF4E /* Pods_RxSwift_GoodList.framework */ = {isa = PBXFileReference; explicitFileType = wrapper.framework; includeInIndex = 0; path = Pods_RxSwift_GoodList.framework; sourceTree = BUILT_PRODUCTS_DIR; };
		605659892A050C5A005D9FA7 /* RxSwift-GoodList.app */ = {isa = PBXFileReference; explicitFileType = wrapper.application; includeInIndex = 0; path = "RxSwift-GoodList.app"; sourceTree = BUILT_PRODUCTS_DIR; };
		6056598C2A050C5A005D9FA7 /* AppDelegate.swift */ = {isa = PBXFileReference; lastKnownFileType = sourcecode.swift; path = AppDelegate.swift; sourceTree = "<group>"; };
		6056598E2A050C5A005D9FA7 /* SceneDelegate.swift */ = {isa = PBXFileReference; lastKnownFileType = sourcecode.swift; path = SceneDelegate.swift; sourceTree = "<group>"; };
		605659902A050C5A005D9FA7 /* TaskViewController.swift */ = {isa = PBXFileReference; lastKnownFileType = sourcecode.swift; path = TaskViewController.swift; sourceTree = "<group>"; };
		605659932A050C5A005D9FA7 /* Base */ = {isa = PBXFileReference; lastKnownFileType = file.storyboard; name = Base; path = Base.lproj/Main.storyboard; sourceTree = "<group>"; };
		605659952A050C5C005D9FA7 /* Assets.xcassets */ = {isa = PBXFileReference; lastKnownFileType = folder.assetcatalog; path = Assets.xcassets; sourceTree = "<group>"; };
		605659982A050C5C005D9FA7 /* Base */ = {isa = PBXFileReference; lastKnownFileType = file.storyboard; name = Base; path = Base.lproj/LaunchScreen.storyboard; sourceTree = "<group>"; };
		6056599A2A050C5C005D9FA7 /* Info.plist */ = {isa = PBXFileReference; lastKnownFileType = text.plist.xml; path = Info.plist; sourceTree = "<group>"; };
		605659A42A050F8F005D9FA7 /* AddTaskController.swift */ = {isa = PBXFileReference; lastKnownFileType = sourcecode.swift; path = AddTaskController.swift; sourceTree = "<group>"; };
/* End PBXFileReference section */

/* Begin PBXFrameworksBuildPhase section */
		605659862A050C5A005D9FA7 /* Frameworks */ = {
			isa = PBXFrameworksBuildPhase;
			buildActionMask = 2147483647;
			files = (
				83AED44145B51363C749DC93 /* Pods_RxSwift_GoodList.framework in Frameworks */,
			);
			runOnlyForDeploymentPostprocessing = 0;
		};
/* End PBXFrameworksBuildPhase section */

/* Begin PBXGroup section */
		215752A9AF911B9D8FE295EE /* Frameworks */ = {
			isa = PBXGroup;
			children = (
				4EBC8D505B35A9D1BFEBCF4E /* Pods_RxSwift_GoodList.framework */,
			);
			name = Frameworks;
			sourceTree = "<group>";
		};
		605659802A050C5A005D9FA7 = {
			isa = PBXGroup;
			children = (
				6056598B2A050C5A005D9FA7 /* RxSwift-GoodList */,
				6056598A2A050C5A005D9FA7 /* Products */,
				CAB65FFC46594F9EB3C977AA /* Pods */,
				215752A9AF911B9D8FE295EE /* Frameworks */,
			);
			sourceTree = "<group>";
		};
		6056598A2A050C5A005D9FA7 /* Products */ = {
			isa = PBXGroup;
			children = (
				605659892A050C5A005D9FA7 /* RxSwift-GoodList.app */,
			);
			name = Products;
			sourceTree = "<group>";
		};
		6056598B2A050C5A005D9FA7 /* RxSwift-GoodList */ = {
			isa = PBXGroup;
			children = (
				605659A12A050CE0005D9FA7 /* Sources */,
				605659A02A050CD2005D9FA7 /* Scene */,
				605659922A050C5A005D9FA7 /* Main.storyboard */,
				605659952A050C5C005D9FA7 /* Assets.xcassets */,
				605659972A050C5C005D9FA7 /* LaunchScreen.storyboard */,
				6056599A2A050C5C005D9FA7 /* Info.plist */,
			);
			path = "RxSwift-GoodList";
			sourceTree = "<group>";
		};
		605659A02A050CD2005D9FA7 /* Scene */ = {
			isa = PBXGroup;
			children = (
				605659A32A050F87005D9FA7 /* Add */,
				605659A22A050F81005D9FA7 /* Task */,
			);
			path = Scene;
			sourceTree = "<group>";
		};
		605659A12A050CE0005D9FA7 /* Sources */ = {
			isa = PBXGroup;
			children = (
				6056598C2A050C5A005D9FA7 /* AppDelegate.swift */,
				6056598E2A050C5A005D9FA7 /* SceneDelegate.swift */,
			);
			path = Sources;
			sourceTree = "<group>";
		};
		605659A22A050F81005D9FA7 /* Task */ = {
			isa = PBXGroup;
			children = (
				605659902A050C5A005D9FA7 /* TaskViewController.swift */,
			);
			path = Task;
			sourceTree = "<group>";
		};
		605659A32A050F87005D9FA7 /* Add */ = {
			isa = PBXGroup;
			children = (
				605659A42A050F8F005D9FA7 /* AddTaskController.swift */,
			);
			path = Add;
			sourceTree = "<group>";
		};
		CAB65FFC46594F9EB3C977AA /* Pods */ = {
			isa = PBXGroup;
			children = (
				0EB4C75C328234CAB1488286 /* Pods-RxSwift-GoodList.debug.xcconfig */,
				39F4B4E50A7D59BAEA345F04 /* Pods-RxSwift-GoodList.release.xcconfig */,
			);
			name = Pods;
			path = Pods;
			sourceTree = "<group>";
		};
/* End PBXGroup section */

/* Begin PBXNativeTarget section */
		605659882A050C5A005D9FA7 /* RxSwift-GoodList */ = {
			isa = PBXNativeTarget;
			buildConfigurationList = 6056599D2A050C5C005D9FA7 /* Build configuration list for PBXNativeTarget "RxSwift-GoodList" */;
			buildPhases = (
				E4746453C440174067CB5AA4 /* [CP] Check Pods Manifest.lock */,
				605659852A050C5A005D9FA7 /* Sources */,
				605659862A050C5A005D9FA7 /* Frameworks */,
				605659872A050C5A005D9FA7 /* Resources */,
				BC3522DAA36DB254E7DC7231 /* [CP] Embed Pods Frameworks */,
			);
			buildRules = (
			);
			dependencies = (
			);
			name = "RxSwift-GoodList";
			productName = "RxSwift-GoodList";
			productReference = 605659892A050C5A005D9FA7 /* RxSwift-GoodList.app */;
			productType = "com.apple.product-type.application";
		};
/* End PBXNativeTarget section */

/* Begin PBXProject section */
		605659812A050C5A005D9FA7 /* Project object */ = {
			isa = PBXProject;
			attributes = {
				BuildIndependentTargetsInParallel = 1;
				LastSwiftUpdateCheck = 1430;
				LastUpgradeCheck = 1430;
				TargetAttributes = {
					605659882A050C5A005D9FA7 = {
						CreatedOnToolsVersion = 14.3;
					};
				};
			};
			buildConfigurationList = 605659842A050C5A005D9FA7 /* Build configuration list for PBXProject "RxSwift-GoodList" */;
			compatibilityVersion = "Xcode 14.0";
			developmentRegion = en;
			hasScannedForEncodings = 0;
			knownRegions = (
				en,
				Base,
			);
			mainGroup = 605659802A050C5A005D9FA7;
			productRefGroup = 6056598A2A050C5A005D9FA7 /* Products */;
			projectDirPath = "";
			projectRoot = "";
			targets = (
				605659882A050C5A005D9FA7 /* RxSwift-GoodList */,
			);
		};
/* End PBXProject section */

/* Begin PBXResourcesBuildPhase section */
		605659872A050C5A005D9FA7 /* Resources */ = {
			isa = PBXResourcesBuildPhase;
			buildActionMask = 2147483647;
			files = (
				605659992A050C5C005D9FA7 /* LaunchScreen.storyboard in Resources */,
				605659962A050C5C005D9FA7 /* Assets.xcassets in Resources */,
				605659942A050C5A005D9FA7 /* Main.storyboard in Resources */,
			);
			runOnlyForDeploymentPostprocessing = 0;
		};
/* End PBXResourcesBuildPhase section */

/* Begin PBXShellScriptBuildPhase section */
		BC3522DAA36DB254E7DC7231 /* [CP] Embed Pods Frameworks */ = {
			isa = PBXShellScriptBuildPhase;
			buildActionMask = 2147483647;
			files = (
			);
			inputFileListPaths = (
				"${PODS_ROOT}/Target Support Files/Pods-RxSwift-GoodList/Pods-RxSwift-GoodList-frameworks-${CONFIGURATION}-input-files.xcfilelist",
			);
			name = "[CP] Embed Pods Frameworks";
			outputFileListPaths = (
				"${PODS_ROOT}/Target Support Files/Pods-RxSwift-GoodList/Pods-RxSwift-GoodList-frameworks-${CONFIGURATION}-output-files.xcfilelist",
			);
			runOnlyForDeploymentPostprocessing = 0;
			shellPath = /bin/sh;
			shellScript = "\"${PODS_ROOT}/Target Support Files/Pods-RxSwift-GoodList/Pods-RxSwift-GoodList-frameworks.sh\"\n";
			showEnvVarsInLog = 0;
		};
		E4746453C440174067CB5AA4 /* [CP] Check Pods Manifest.lock */ = {
			isa = PBXShellScriptBuildPhase;
			buildActionMask = 2147483647;
			files = (
			);
			inputFileListPaths = (
			);
			inputPaths = (
				"${PODS_PODFILE_DIR_PATH}/Podfile.lock",
				"${PODS_ROOT}/Manifest.lock",
			);
			name = "[CP] Check Pods Manifest.lock";
			outputFileListPaths = (
			);
			outputPaths = (
				"$(DERIVED_FILE_DIR)/Pods-RxSwift-GoodList-checkManifestLockResult.txt",
			);
			runOnlyForDeploymentPostprocessing = 0;
			shellPath = /bin/sh;
			shellScript = "diff \"${PODS_PODFILE_DIR_PATH}/Podfile.lock\" \"${PODS_ROOT}/Manifest.lock\" > /dev/null\nif [ $? != 0 ] ; then\n    # print error to STDERR\n    echo \"error: The sandbox is not in sync with the Podfile.lock. Run 'pod install' or update your CocoaPods installation.\" >&2\n    exit 1\nfi\n# This output is used by Xcode 'outputs' to avoid re-running this script phase.\necho \"SUCCESS\" > \"${SCRIPT_OUTPUT_FILE_0}\"\n";
			showEnvVarsInLog = 0;
		};
/* End PBXShellScriptBuildPhase section */

/* Begin PBXSourcesBuildPhase section */
		605659852A050C5A005D9FA7 /* Sources */ = {
			isa = PBXSourcesBuildPhase;
			buildActionMask = 2147483647;
			files = (
				605659912A050C5A005D9FA7 /* TaskViewController.swift in Sources */,
				6056598D2A050C5A005D9FA7 /* AppDelegate.swift in Sources */,
				605659A52A050F8F005D9FA7 /* AddTaskController.swift in Sources */,
				6056598F2A050C5A005D9FA7 /* SceneDelegate.swift in Sources */,
			);
			runOnlyForDeploymentPostprocessing = 0;
		};
/* End PBXSourcesBuildPhase section */

/* Begin PBXVariantGroup section */
		605659922A050C5A005D9FA7 /* Main.storyboard */ = {
			isa = PBXVariantGroup;
			children = (
				605659932A050C5A005D9FA7 /* Base */,
			);
			name = Main.storyboard;
			sourceTree = "<group>";
		};
		605659972A050C5C005D9FA7 /* LaunchScreen.storyboard */ = {
			isa = PBXVariantGroup;
			children = (
				605659982A050C5C005D9FA7 /* Base */,
			);
			name = LaunchScreen.storyboard;
			sourceTree = "<group>";
		};
/* End PBXVariantGroup section */

/* Begin XCBuildConfiguration section */
		6056599B2A050C5C005D9FA7 /* Debug */ = {
			isa = XCBuildConfiguration;
			buildSettings = {
				ALWAYS_SEARCH_USER_PATHS = NO;
				CLANG_ANALYZER_NONNULL = YES;
				CLANG_ANALYZER_NUMBER_OBJECT_CONVERSION = YES_AGGRESSIVE;
				CLANG_CXX_LANGUAGE_STANDARD = "gnu++20";
				CLANG_ENABLE_MODULES = YES;
				CLANG_ENABLE_OBJC_ARC = YES;
				CLANG_ENABLE_OBJC_WEAK = YES;
				CLANG_WARN_BLOCK_CAPTURE_AUTORELEASING = YES;
				CLANG_WARN_BOOL_CONVERSION = YES;
				CLANG_WARN_COMMA = YES;
				CLANG_WARN_CONSTANT_CONVERSION = YES;
				CLANG_WARN_DEPRECATED_OBJC_IMPLEMENTATIONS = YES;
				CLANG_WARN_DIRECT_OBJC_ISA_USAGE = YES_ERROR;
				CLANG_WARN_DOCUMENTATION_COMMENTS = YES;
				CLANG_WARN_EMPTY_BODY = YES;
				CLANG_WARN_ENUM_CONVERSION = YES;
				CLANG_WARN_INFINITE_RECURSION = YES;
				CLANG_WARN_INT_CONVERSION = YES;
				CLANG_WARN_NON_LITERAL_NULL_CONVERSION = YES;
				CLANG_WARN_OBJC_IMPLICIT_RETAIN_SELF = YES;
				CLANG_WARN_OBJC_LITERAL_CONVERSION = YES;
				CLANG_WARN_OBJC_ROOT_CLASS = YES_ERROR;
				CLANG_WARN_QUOTED_INCLUDE_IN_FRAMEWORK_HEADER = YES;
				CLANG_WARN_RANGE_LOOP_ANALYSIS = YES;
				CLANG_WARN_STRICT_PROTOTYPES = YES;
				CLANG_WARN_SUSPICIOUS_MOVE = YES;
				CLANG_WARN_UNGUARDED_AVAILABILITY = YES_AGGRESSIVE;
				CLANG_WARN_UNREACHABLE_CODE = YES;
				CLANG_WARN__DUPLICATE_METHOD_MATCH = YES;
				COPY_PHASE_STRIP = NO;
				DEBUG_INFORMATION_FORMAT = dwarf;
				ENABLE_STRICT_OBJC_MSGSEND = YES;
				ENABLE_TESTABILITY = YES;
				GCC_C_LANGUAGE_STANDARD = gnu11;
				GCC_DYNAMIC_NO_PIC = NO;
				GCC_NO_COMMON_BLOCKS = YES;
				GCC_OPTIMIZATION_LEVEL = 0;
				GCC_PREPROCESSOR_DEFINITIONS = (
					"DEBUG=1",
					"$(inherited)",
				);
				GCC_WARN_64_TO_32_BIT_CONVERSION = YES;
				GCC_WARN_ABOUT_RETURN_TYPE = YES_ERROR;
				GCC_WARN_UNDECLARED_SELECTOR = YES;
				GCC_WARN_UNINITIALIZED_AUTOS = YES_AGGRESSIVE;
				GCC_WARN_UNUSED_FUNCTION = YES;
				GCC_WARN_UNUSED_VARIABLE = YES;
				IPHONEOS_DEPLOYMENT_TARGET = 16.4;
				MTL_ENABLE_DEBUG_INFO = INCLUDE_SOURCE;
				MTL_FAST_MATH = YES;
				ONLY_ACTIVE_ARCH = YES;
				SDKROOT = iphoneos;
				SWIFT_ACTIVE_COMPILATION_CONDITIONS = DEBUG;
				SWIFT_OPTIMIZATION_LEVEL = "-Onone";
			};
			name = Debug;
		};
		6056599C2A050C5C005D9FA7 /* Release */ = {
			isa = XCBuildConfiguration;
			buildSettings = {
				ALWAYS_SEARCH_USER_PATHS = NO;
				CLANG_ANALYZER_NONNULL = YES;
				CLANG_ANALYZER_NUMBER_OBJECT_CONVERSION = YES_AGGRESSIVE;
				CLANG_CXX_LANGUAGE_STANDARD = "gnu++20";
				CLANG_ENABLE_MODULES = YES;
				CLANG_ENABLE_OBJC_ARC = YES;
				CLANG_ENABLE_OBJC_WEAK = YES;
				CLANG_WARN_BLOCK_CAPTURE_AUTORELEASING = YES;
				CLANG_WARN_BOOL_CONVERSION = YES;
				CLANG_WARN_COMMA = YES;
				CLANG_WARN_CONSTANT_CONVERSION = YES;
				CLANG_WARN_DEPRECATED_OBJC_IMPLEMENTATIONS = YES;
				CLANG_WARN_DIRECT_OBJC_ISA_USAGE = YES_ERROR;
				CLANG_WARN_DOCUMENTATION_COMMENTS = YES;
				CLANG_WARN_EMPTY_BODY = YES;
				CLANG_WARN_ENUM_CONVERSION = YES;
				CLANG_WARN_INFINITE_RECURSION = YES;
				CLANG_WARN_INT_CONVERSION = YES;
				CLANG_WARN_NON_LITERAL_NULL_CONVERSION = YES;
				CLANG_WARN_OBJC_IMPLICIT_RETAIN_SELF = YES;
				CLANG_WARN_OBJC_LITERAL_CONVERSION = YES;
				CLANG_WARN_OBJC_ROOT_CLASS = YES_ERROR;
				CLANG_WARN_QUOTED_INCLUDE_IN_FRAMEWORK_HEADER = YES;
				CLANG_WARN_RANGE_LOOP_ANALYSIS = YES;
				CLANG_WARN_STRICT_PROTOTYPES = YES;
				CLANG_WARN_SUSPICIOUS_MOVE = YES;
				CLANG_WARN_UNGUARDED_AVAILABILITY = YES_AGGRESSIVE;
				CLANG_WARN_UNREACHABLE_CODE = YES;
				CLANG_WARN__DUPLICATE_METHOD_MATCH = YES;
				COPY_PHASE_STRIP = NO;
				DEBUG_INFORMATION_FORMAT = "dwarf-with-dsym";
				ENABLE_NS_ASSERTIONS = NO;
				ENABLE_STRICT_OBJC_MSGSEND = YES;
				GCC_C_LANGUAGE_STANDARD = gnu11;
				GCC_NO_COMMON_BLOCKS = YES;
				GCC_WARN_64_TO_32_BIT_CONVERSION = YES;
				GCC_WARN_ABOUT_RETURN_TYPE = YES_ERROR;
				GCC_WARN_UNDECLARED_SELECTOR = YES;
				GCC_WARN_UNINITIALIZED_AUTOS = YES_AGGRESSIVE;
				GCC_WARN_UNUSED_FUNCTION = YES;
				GCC_WARN_UNUSED_VARIABLE = YES;
				IPHONEOS_DEPLOYMENT_TARGET = 16.4;
				MTL_ENABLE_DEBUG_INFO = NO;
				MTL_FAST_MATH = YES;
				SDKROOT = iphoneos;
				SWIFT_COMPILATION_MODE = wholemodule;
				SWIFT_OPTIMIZATION_LEVEL = "-O";
				VALIDATE_PRODUCT = YES;
			};
			name = Release;
		};
		6056599E2A050C5C005D9FA7 /* Debug */ = {
			isa = XCBuildConfiguration;
			baseConfigurationReference = 0EB4C75C328234CAB1488286 /* Pods-RxSwift-GoodList.debug.xcconfig */;
			buildSettings = {
				ASSETCATALOG_COMPILER_APPICON_NAME = AppIcon;
				ASSETCATALOG_COMPILER_GLOBAL_ACCENT_COLOR_NAME = AccentColor;
				CODE_SIGN_STYLE = Automatic;
				CURRENT_PROJECT_VERSION = 1;
				DEVELOPMENT_TEAM = WL3K4A7DH8;
				GENERATE_INFOPLIST_FILE = YES;
				INFOPLIST_FILE = "RxSwift-GoodList/Info.plist";
				INFOPLIST_KEY_UIApplicationSupportsIndirectInputEvents = YES;
				INFOPLIST_KEY_UILaunchStoryboardName = LaunchScreen;
				INFOPLIST_KEY_UIMainStoryboardFile = Main;
				INFOPLIST_KEY_UISupportedInterfaceOrientations_iPad = "UIInterfaceOrientationPortrait UIInterfaceOrientationPortraitUpsideDown UIInterfaceOrientationLandscapeLeft UIInterfaceOrientationLandscapeRight";
				INFOPLIST_KEY_UISupportedInterfaceOrientations_iPhone = "UIInterfaceOrientationPortrait UIInterfaceOrientationLandscapeLeft UIInterfaceOrientationLandscapeRight";
				IPHONEOS_DEPLOYMENT_TARGET = 15.0;
				LD_RUNPATH_SEARCH_PATHS = (
					"$(inherited)",
					"@executable_path/Frameworks",
				);
				MARKETING_VERSION = 1.0;
				PRODUCT_BUNDLE_IDENTIFIER = "com.barisdilekci.RxSwift-GoodList";
				PRODUCT_NAME = "$(TARGET_NAME)";
				SWIFT_EMIT_LOC_STRINGS = YES;
				SWIFT_VERSION = 5.0;
				TARGETED_DEVICE_FAMILY = "1,2";
			};
			name = Debug;
		};
		6056599F2A050C5C005D9FA7 /* Release */ = {
			isa = XCBuildConfiguration;
			baseConfigurationReference = 39F4B4E50A7D59BAEA345F04 /* Pods-RxSwift-GoodList.release.xcconfig */;
			buildSettings = {
				ASSETCATALOG_COMPILER_APPICON_NAME = AppIcon;
				ASSETCATALOG_COMPILER_GLOBAL_ACCENT_COLOR_NAME = AccentColor;
				CODE_SIGN_STYLE = Automatic;
				CURRENT_PROJECT_VERSION = 1;
				DEVELOPMENT_TEAM = WL3K4A7DH8;
				GENERATE_INFOPLIST_FILE = YES;
				INFOPLIST_FILE = "RxSwift-GoodList/Info.plist";
				INFOPLIST_KEY_UIApplicationSupportsIndirectInputEvents = YES;
				INFOPLIST_KEY_UILaunchStoryboardName = LaunchScreen;
				INFOPLIST_KEY_UIMainStoryboardFile = Main;
				INFOPLIST_KEY_UISupportedInterfaceOrientations_iPad = "UIInterfaceOrientationPortrait UIInterfaceOrientationPortraitUpsideDown UIInterfaceOrientationLandscapeLeft UIInterfaceOrientationLandscapeRight";
				INFOPLIST_KEY_UISupportedInterfaceOrientations_iPhone = "UIInterfaceOrientationPortrait UIInterfaceOrientationLandscapeLeft UIInterfaceOrientationLandscapeRight";
				IPHONEOS_DEPLOYMENT_TARGET = 15.0;
				LD_RUNPATH_SEARCH_PATHS = (
					"$(inherited)",
					"@executable_path/Frameworks",
				);
				MARKETING_VERSION = 1.0;
				PRODUCT_BUNDLE_IDENTIFIER = "com.barisdilekci.RxSwift-GoodList";
				PRODUCT_NAME = "$(TARGET_NAME)";
				SWIFT_EMIT_LOC_STRINGS = YES;
				SWIFT_VERSION = 5.0;
				TARGETED_DEVICE_FAMILY = "1,2";
			};
			name = Release;
		};
/* End XCBuildConfiguration section */

/* Begin XCConfigurationList section */
		605659842A050C5A005D9FA7 /* Build configuration list for PBXProject "RxSwift-GoodList" */ = {
			isa = XCConfigurationList;
			buildConfigurations = (
				6056599B2A050C5C005D9FA7 /* Debug */,
				6056599C2A050C5C005D9FA7 /* Release */,
			);
			defaultConfigurationIsVisible = 0;
			defaultConfigurationName = Release;
		};
		6056599D2A050C5C005D9FA7 /* Build configuration list for PBXNativeTarget "RxSwift-GoodList" */ = {
			isa = XCConfigurationList;
			buildConfigurations = (
				6056599E2A050C5C005D9FA7 /* Debug */,
				6056599F2A050C5C005D9FA7 /* Release */,
			);
			defaultConfigurationIsVisible = 0;
			defaultConfigurationName = Release;
		};
/* End XCConfigurationList section */
	};
	rootObject = 605659812A050C5A005D9FA7 /* Project object */;
}
